// !$*UTF8*$!
{
	archiveVersion = 1;
	classes = {
	};
	objectVersion = 56;
	objects = {

/* Begin PBXBuildFile section */
		C256449C2C18E1650099B916 /* FurnitureAppApp.swift in Sources */ = {isa = PBXBuildFile; fileRef = C256449B2C18E1650099B916 /* FurnitureAppApp.swift */; };
		C256449E2C18E1650099B916 /* ContentView.swift in Sources */ = {isa = PBXBuildFile; fileRef = C256449D2C18E1650099B916 /* ContentView.swift */; };
		C25644A02C18E1660099B916 /* Assets.xcassets in Resources */ = {isa = PBXBuildFile; fileRef = C256449F2C18E1660099B916 /* Assets.xcassets */; };
		C25644A32C18E1660099B916 /* Preview Assets.xcassets in Resources */ = {isa = PBXBuildFile; fileRef = C25644A22C18E1660099B916 /* Preview Assets.xcassets */; };
		C25644B22C18F5EA0099B916 /* PlusJakartaSans-Regular.ttf in Resources */ = {isa = PBXBuildFile; fileRef = C25644AF2C18F2640099B916 /* PlusJakartaSans-Regular.ttf */; };
		C25644B32C18F5EA0099B916 /* PlusJakartaSans-Light.ttf in Resources */ = {isa = PBXBuildFile; fileRef = C25644B12C18F2780099B916 /* PlusJakartaSans-Light.ttf */; };
		C25644B42C18F5EA0099B916 /* PlusJakartaSans-Bold.ttf in Resources */ = {isa = PBXBuildFile; fileRef = C25644B02C18F26E0099B916 /* PlusJakartaSans-Bold.ttf */; };
		C25644B72C18F7FA0099B916 /* CardView.swift in Sources */ = {isa = PBXBuildFile; fileRef = C25644B62C18F7FA0099B916 /* CardView.swift */; };
		C25644BA2C18FCD40099B916 /* StarsView.swift in Sources */ = {isa = PBXBuildFile; fileRef = C25644B92C18FCD40099B916 /* StarsView.swift */; };
		C25644BB2C18FE140099B916 /* PlusJakartaSans-ExtraLight.ttf in Resources */ = {isa = PBXBuildFile; fileRef = C25644B52C18F62C0099B916 /* PlusJakartaSans-ExtraLight.ttf */; };
		C25644C12C1935D10099B916 /* FurnitureData.swift in Sources */ = {isa = PBXBuildFile; fileRef = C25644C02C1935D10099B916 /* FurnitureData.swift */; };
		C25644C42C1938F90099B916 /* FurnitureModelView.swift in Sources */ = {isa = PBXBuildFile; fileRef = C25644C32C1938F90099B916 /* FurnitureModelView.swift */; };
		C25644C62C1946910099B916 /* muebles.json in Resources */ = {isa = PBXBuildFile; fileRef = C25644C52C1946910099B916 /* muebles.json */; };
		C25644C82C1A3FB30099B916 /* HomeView.swift in Sources */ = {isa = PBXBuildFile; fileRef = C25644C72C1A3FB30099B916 /* HomeView.swift */; };
		C25644CA2C1A40170099B916 /* FavView.swift in Sources */ = {isa = PBXBuildFile; fileRef = C25644C92C1A40170099B916 /* FavView.swift */; };
		C25644CC2C1A40250099B916 /* ShopView.swift in Sources */ = {isa = PBXBuildFile; fileRef = C25644CB2C1A40250099B916 /* ShopView.swift */; };
		C25644CE2C1A40320099B916 /* ProfileView.swift in Sources */ = {isa = PBXBuildFile; fileRef = C25644CD2C1A40320099B916 /* ProfileView.swift */; };
		C25644D12C1A44750099B916 /* TabBarOptions.swift in Sources */ = {isa = PBXBuildFile; fileRef = C25644D02C1A44750099B916 /* TabBarOptions.swift */; };
		C25644D32C1B83510099B916 /* FurnitureDetail.swift in Sources */ = {isa = PBXBuildFile; fileRef = C25644D22C1B83510099B916 /* FurnitureDetail.swift */; };
		C25644D52C210D5B0099B916 /* FavoHeart.swift in Sources */ = {isa = PBXBuildFile; fileRef = C25644D42C210D5B0099B916 /* FavoHeart.swift */; };
		C25644D72C21238F0099B916 /* SingleCardView.swift in Sources */ = {isa = PBXBuildFile; fileRef = C25644D62C21238F0099B916 /* SingleCardView.swift */; };
/* End PBXBuildFile section */

/* Begin PBXFileReference section */
		C25644982C18E1650099B916 /* FurnitureApp.app */ = {isa = PBXFileReference; explicitFileType = wrapper.application; includeInIndex = 0; path = FurnitureApp.app; sourceTree = BUILT_PRODUCTS_DIR; };
		C256449B2C18E1650099B916 /* FurnitureAppApp.swift */ = {isa = PBXFileReference; lastKnownFileType = sourcecode.swift; path = FurnitureAppApp.swift; sourceTree = "<group>"; };
		C256449D2C18E1650099B916 /* ContentView.swift */ = {isa = PBXFileReference; lastKnownFileType = sourcecode.swift; path = ContentView.swift; sourceTree = "<group>"; };
		C256449F2C18E1660099B916 /* Assets.xcassets */ = {isa = PBXFileReference; lastKnownFileType = folder.assetcatalog; path = Assets.xcassets; sourceTree = "<group>"; };
		C25644A22C18E1660099B916 /* Preview Assets.xcassets */ = {isa = PBXFileReference; lastKnownFileType = folder.assetcatalog; path = "Preview Assets.xcassets"; sourceTree = "<group>"; };
		C25644AD2C18E55D0099B916 /* Info.plist */ = {isa = PBXFileReference; lastKnownFileType = text.plist; path = Info.plist; sourceTree = "<group>"; };
		C25644AF2C18F2640099B916 /* PlusJakartaSans-Regular.ttf */ = {isa = PBXFileReference; lastKnownFileType = file; path = "PlusJakartaSans-Regular.ttf"; sourceTree = "<group>"; };
		C25644B02C18F26E0099B916 /* PlusJakartaSans-Bold.ttf */ = {isa = PBXFileReference; lastKnownFileType = file; path = "PlusJakartaSans-Bold.ttf"; sourceTree = "<group>"; };
		C25644B12C18F2780099B916 /* PlusJakartaSans-Light.ttf */ = {isa = PBXFileReference; lastKnownFileType = file; path = "PlusJakartaSans-Light.ttf"; sourceTree = "<group>"; };
		C25644B52C18F62C0099B916 /* PlusJakartaSans-ExtraLight.ttf */ = {isa = PBXFileReference; lastKnownFileType = file; path = "PlusJakartaSans-ExtraLight.ttf"; sourceTree = "<group>"; };
		C25644B62C18F7FA0099B916 /* CardView.swift */ = {isa = PBXFileReference; lastKnownFileType = sourcecode.swift; path = CardView.swift; sourceTree = "<group>"; };
		C25644B92C18FCD40099B916 /* StarsView.swift */ = {isa = PBXFileReference; lastKnownFileType = sourcecode.swift; path = StarsView.swift; sourceTree = "<group>"; };
		C25644C02C1935D10099B916 /* FurnitureData.swift */ = {isa = PBXFileReference; lastKnownFileType = sourcecode.swift; path = FurnitureData.swift; sourceTree = "<group>"; };
		C25644C32C1938F90099B916 /* FurnitureModelView.swift */ = {isa = PBXFileReference; lastKnownFileType = sourcecode.swift; path = FurnitureModelView.swift; sourceTree = "<group>"; };
		C25644C52C1946910099B916 /* muebles.json */ = {isa = PBXFileReference; fileEncoding = 4; lastKnownFileType = text.json; path = muebles.json; sourceTree = "<group>"; };
		C25644C72C1A3FB30099B916 /* HomeView.swift */ = {isa = PBXFileReference; lastKnownFileType = sourcecode.swift; path = HomeView.swift; sourceTree = "<group>"; };
		C25644C92C1A40170099B916 /* FavView.swift */ = {isa = PBXFileReference; lastKnownFileType = sourcecode.swift; path = FavView.swift; sourceTree = "<group>"; };
		C25644CB2C1A40250099B916 /* ShopView.swift */ = {isa = PBXFileReference; lastKnownFileType = sourcecode.swift; path = ShopView.swift; sourceTree = "<group>"; };
		C25644CD2C1A40320099B916 /* ProfileView.swift */ = {isa = PBXFileReference; lastKnownFileType = sourcecode.swift; path = ProfileView.swift; sourceTree = "<group>"; };
		C25644D02C1A44750099B916 /* TabBarOptions.swift */ = {isa = PBXFileReference; lastKnownFileType = sourcecode.swift; path = TabBarOptions.swift; sourceTree = "<group>"; };
		C25644D22C1B83510099B916 /* FurnitureDetail.swift */ = {isa = PBXFileReference; lastKnownFileType = sourcecode.swift; path = FurnitureDetail.swift; sourceTree = "<group>"; };
		C25644D42C210D5B0099B916 /* FavoHeart.swift */ = {isa = PBXFileReference; lastKnownFileType = sourcecode.swift; path = FavoHeart.swift; sourceTree = "<group>"; };
		C25644D62C21238F0099B916 /* SingleCardView.swift */ = {isa = PBXFileReference; lastKnownFileType = sourcecode.swift; path = SingleCardView.swift; sourceTree = "<group>"; };
/* End PBXFileReference section */

/* Begin PBXFrameworksBuildPhase section */
		C25644952C18E1650099B916 /* Frameworks */ = {
			isa = PBXFrameworksBuildPhase;
			buildActionMask = 2147483647;
			files = (
			);
			runOnlyForDeploymentPostprocessing = 0;
		};
/* End PBXFrameworksBuildPhase section */

/* Begin PBXGroup section */
		C256448F2C18E1650099B916 = {
			isa = PBXGroup;
			children = (
				C256449A2C18E1650099B916 /* FurnitureApp */,
				C25644992C18E1650099B916 /* Products */,
			);
			sourceTree = "<group>";
		};
		C25644992C18E1650099B916 /* Products */ = {
			isa = PBXGroup;
			children = (
				C25644982C18E1650099B916 /* FurnitureApp.app */,
			);
			name = Products;
			sourceTree = "<group>";
		};
		C256449A2C18E1650099B916 /* FurnitureApp */ = {
			isa = PBXGroup;
			children = (
				C25644C22C1938B70099B916 /* ModelView */,
				C25644BD2C1933BF0099B916 /* Resource */,
				C25644BC2C1933B20099B916 /* Model */,
				C25644AE2C18EC520099B916 /* Views */,
				C25644A92C18E3CC0099B916 /* Fonts */,
				C256449B2C18E1650099B916 /* FurnitureAppApp.swift */,
				C256449D2C18E1650099B916 /* ContentView.swift */,
				C256449F2C18E1660099B916 /* Assets.xcassets */,
				C25644AD2C18E55D0099B916 /* Info.plist */,
				C25644A12C18E1660099B916 /* Preview Content */,
			);
			path = FurnitureApp;
			sourceTree = "<group>";
		};
		C25644A12C18E1660099B916 /* Preview Content */ = {
			isa = PBXGroup;
			children = (
				C25644A22C18E1660099B916 /* Preview Assets.xcassets */,
			);
			path = "Preview Content";
			sourceTree = "<group>";
		};
		C25644A92C18E3CC0099B916 /* Fonts */ = {
			isa = PBXGroup;
			children = (
				C25644AF2C18F2640099B916 /* PlusJakartaSans-Regular.ttf */,
				C25644B12C18F2780099B916 /* PlusJakartaSans-Light.ttf */,
				C25644B02C18F26E0099B916 /* PlusJakartaSans-Bold.ttf */,
				C25644B52C18F62C0099B916 /* PlusJakartaSans-ExtraLight.ttf */,
			);
			path = Fonts;
			sourceTree = "<group>";
		};
		C25644AE2C18EC520099B916 /* Views */ = {
			isa = PBXGroup;
			children = (
				C25644CF2C1A44420099B916 /* Pages */,
				C25644B82C18FCC80099B916 /* Helpers */,
			);
			path = Views;
			sourceTree = "<group>";
		};
		C25644B82C18FCC80099B916 /* Helpers */ = {
			isa = PBXGroup;
			children = (
				C25644B92C18FCD40099B916 /* StarsView.swift */,
				C25644B62C18F7FA0099B916 /* CardView.swift */,
				C25644D42C210D5B0099B916 /* FavoHeart.swift */,
				C25644D62C21238F0099B916 /* SingleCardView.swift */,
			);
			path = Helpers;
			sourceTree = "<group>";
		};
		C25644BC2C1933B20099B916 /* Model */ = {
			isa = PBXGroup;
			children = (
				C25644C02C1935D10099B916 /* FurnitureData.swift */,
			);
			path = Model;
			sourceTree = "<group>";
		};
		C25644BD2C1933BF0099B916 /* Resource */ = {
			isa = PBXGroup;
			children = (
				C25644C52C1946910099B916 /* muebles.json */,
				C25644D02C1A44750099B916 /* TabBarOptions.swift */,
			);
			path = Resource;
			sourceTree = "<group>";
		};
		C25644C22C1938B70099B916 /* ModelView */ = {
			isa = PBXGroup;
			children = (
				C25644C32C1938F90099B916 /* FurnitureModelView.swift */,
			);
			path = ModelView;
			sourceTree = "<group>";
		};
		C25644CF2C1A44420099B916 /* Pages */ = {
			isa = PBXGroup;
			children = (
				C25644C92C1A40170099B916 /* FavView.swift */,
				C25644CB2C1A40250099B916 /* ShopView.swift */,
				C25644C72C1A3FB30099B916 /* HomeView.swift */,
				C25644CD2C1A40320099B916 /* ProfileView.swift */,
				C25644D22C1B83510099B916 /* FurnitureDetail.swift */,
			);
			path = Pages;
			sourceTree = "<group>";
		};
/* End PBXGroup section */

/* Begin PBXNativeTarget section */
		C25644972C18E1650099B916 /* FurnitureApp */ = {
			isa = PBXNativeTarget;
			buildConfigurationList = C25644A62C18E1660099B916 /* Build configuration list for PBXNativeTarget "FurnitureApp" */;
			buildPhases = (
				C25644942C18E1650099B916 /* Sources */,
				C25644952C18E1650099B916 /* Frameworks */,
				C25644962C18E1650099B916 /* Resources */,
			);
			buildRules = (
			);
			dependencies = (
			);
			name = FurnitureApp;
			productName = FurnitureApp;
			productReference = C25644982C18E1650099B916 /* FurnitureApp.app */;
			productType = "com.apple.product-type.application";
		};
/* End PBXNativeTarget section */

/* Begin PBXProject section */
		C25644902C18E1650099B916 /* Project object */ = {
			isa = PBXProject;
			attributes = {
				BuildIndependentTargetsInParallel = 1;
				LastSwiftUpdateCheck = 1540;
				LastUpgradeCheck = 1540;
				TargetAttributes = {
					C25644972C18E1650099B916 = {
						CreatedOnToolsVersion = 15.4;
					};
				};
			};
			buildConfigurationList = C25644932C18E1650099B916 /* Build configuration list for PBXProject "FurnitureApp" */;
			compatibilityVersion = "Xcode 14.0";
			developmentRegion = en;
			hasScannedForEncodings = 0;
			knownRegions = (
				en,
				Base,
			);
			mainGroup = C256448F2C18E1650099B916;
			productRefGroup = C25644992C18E1650099B916 /* Products */;
			projectDirPath = "";
			projectRoot = "";
			targets = (
				C25644972C18E1650099B916 /* FurnitureApp */,
			);
		};
/* End PBXProject section */

/* Begin PBXResourcesBuildPhase section */
		C25644962C18E1650099B916 /* Resources */ = {
			isa = PBXResourcesBuildPhase;
			buildActionMask = 2147483647;
			files = (
				C25644A32C18E1660099B916 /* Preview Assets.xcassets in Resources */,
				C25644B22C18F5EA0099B916 /* PlusJakartaSans-Regular.ttf in Resources */,
				C25644B32C18F5EA0099B916 /* PlusJakartaSans-Light.ttf in Resources */,
				C25644B42C18F5EA0099B916 /* PlusJakartaSans-Bold.ttf in Resources */,
				C25644BB2C18FE140099B916 /* PlusJakartaSans-ExtraLight.ttf in Resources */,
				C25644C62C1946910099B916 /* muebles.json in Resources */,
				C25644A02C18E1660099B916 /* Assets.xcassets in Resources */,
			);
			runOnlyForDeploymentPostprocessing = 0;
		};
/* End PBXResourcesBuildPhase section */

/* Begin PBXSourcesBuildPhase section */
		C25644942C18E1650099B916 /* Sources */ = {
			isa = PBXSourcesBuildPhase;
			buildActionMask = 2147483647;
			files = (
				C25644CA2C1A40170099B916 /* FavView.swift in Sources */,
				C256449E2C18E1650099B916 /* ContentView.swift in Sources */,
				C25644CE2C1A40320099B916 /* ProfileView.swift in Sources */,
				C25644D12C1A44750099B916 /* TabBarOptions.swift in Sources */,
				C25644C82C1A3FB30099B916 /* HomeView.swift in Sources */,
				C25644CC2C1A40250099B916 /* ShopView.swift in Sources */,
				C25644C42C1938F90099B916 /* FurnitureModelView.swift in Sources */,
				C25644B72C18F7FA0099B916 /* CardView.swift in Sources */,
				C25644D72C21238F0099B916 /* SingleCardView.swift in Sources */,
				C25644D52C210D5B0099B916 /* FavoHeart.swift in Sources */,
				C25644C12C1935D10099B916 /* FurnitureData.swift in Sources */,
				C25644BA2C18FCD40099B916 /* StarsView.swift in Sources */,
				C256449C2C18E1650099B916 /* FurnitureAppApp.swift in Sources */,
				C25644D32C1B83510099B916 /* FurnitureDetail.swift in Sources */,
			);
			runOnlyForDeploymentPostprocessing = 0;
		};
/* End PBXSourcesBuildPhase section */

/* Begin XCBuildConfiguration section */
		C25644A42C18E1660099B916 /* Debug */ = {
			isa = XCBuildConfiguration;
			buildSettings = {
				ALWAYS_SEARCH_USER_PATHS = NO;
				ASSETCATALOG_COMPILER_GENERATE_SWIFT_ASSET_SYMBOL_EXTENSIONS = YES;
				CLANG_ANALYZER_NONNULL = YES;
				CLANG_ANALYZER_NUMBER_OBJECT_CONVERSION = YES_AGGRESSIVE;
				CLANG_CXX_LANGUAGE_STANDARD = "gnu++20";
				CLANG_ENABLE_MODULES = YES;
				CLANG_ENABLE_OBJC_ARC = YES;
				CLANG_ENABLE_OBJC_WEAK = YES;
				CLANG_WARN_BLOCK_CAPTURE_AUTORELEASING = YES;
				CLANG_WARN_BOOL_CONVERSION = YES;
				CLANG_WARN_COMMA = YES;
				CLANG_WARN_CONSTANT_CONVERSION = YES;
				CLANG_WARN_DEPRECATED_OBJC_IMPLEMENTATIONS = YES;
				CLANG_WARN_DIRECT_OBJC_ISA_USAGE = YES_ERROR;
				CLANG_WARN_DOCUMENTATION_COMMENTS = YES;
				CLANG_WARN_EMPTY_BODY = YES;
				CLANG_WARN_ENUM_CONVERSION = YES;
				CLANG_WARN_INFINITE_RECURSION = YES;
				CLANG_WARN_INT_CONVERSION = YES;
				CLANG_WARN_NON_LITERAL_NULL_CONVERSION = YES;
				CLANG_WARN_OBJC_IMPLICIT_RETAIN_SELF = YES;
				CLANG_WARN_OBJC_LITERAL_CONVERSION = YES;
				CLANG_WARN_OBJC_ROOT_CLASS = YES_ERROR;
				CLANG_WARN_QUOTED_INCLUDE_IN_FRAMEWORK_HEADER = YES;
				CLANG_WARN_RANGE_LOOP_ANALYSIS = YES;
				CLANG_WARN_STRICT_PROTOTYPES = YES;
				CLANG_WARN_SUSPICIOUS_MOVE = YES;
				CLANG_WARN_UNGUARDED_AVAILABILITY = YES_AGGRESSIVE;
				CLANG_WARN_UNREACHABLE_CODE = YES;
				CLANG_WARN__DUPLICATE_METHOD_MATCH = YES;
				COPY_PHASE_STRIP = NO;
				DEBUG_INFORMATION_FORMAT = dwarf;
				ENABLE_STRICT_OBJC_MSGSEND = YES;
				ENABLE_TESTABILITY = YES;
				ENABLE_USER_SCRIPT_SANDBOXING = YES;
				GCC_C_LANGUAGE_STANDARD = gnu17;
				GCC_DYNAMIC_NO_PIC = NO;
				GCC_NO_COMMON_BLOCKS = YES;
				GCC_OPTIMIZATION_LEVEL = 0;
				GCC_PREPROCESSOR_DEFINITIONS = (
					"DEBUG=1",
					"$(inherited)",
				);
				GCC_WARN_64_TO_32_BIT_CONVERSION = YES;
				GCC_WARN_ABOUT_RETURN_TYPE = YES_ERROR;
				GCC_WARN_UNDECLARED_SELECTOR = YES;
				GCC_WARN_UNINITIALIZED_AUTOS = YES_AGGRESSIVE;
				GCC_WARN_UNUSED_FUNCTION = YES;
				GCC_WARN_UNUSED_VARIABLE = YES;
				IPHONEOS_DEPLOYMENT_TARGET = 17.5;
				LOCALIZATION_PREFERS_STRING_CATALOGS = YES;
				MTL_ENABLE_DEBUG_INFO = INCLUDE_SOURCE;
				MTL_FAST_MATH = YES;
				ONLY_ACTIVE_ARCH = YES;
				SDKROOT = iphoneos;
				SWIFT_ACTIVE_COMPILATION_CONDITIONS = "DEBUG $(inherited)";
				SWIFT_OPTIMIZATION_LEVEL = "-Onone";
			};
			name = Debug;
		};
		C25644A52C18E1660099B916 /* Release */ = {
			isa = XCBuildConfiguration;
			buildSettings = {
				ALWAYS_SEARCH_USER_PATHS = NO;
				ASSETCATALOG_COMPILER_GENERATE_SWIFT_ASSET_SYMBOL_EXTENSIONS = YES;
				CLANG_ANALYZER_NONNULL = YES;
				CLANG_ANALYZER_NUMBER_OBJECT_CONVERSION = YES_AGGRESSIVE;
				CLANG_CXX_LANGUAGE_STANDARD = "gnu++20";
				CLANG_ENABLE_MODULES = YES;
				CLANG_ENABLE_OBJC_ARC = YES;
				CLANG_ENABLE_OBJC_WEAK = YES;
				CLANG_WARN_BLOCK_CAPTURE_AUTORELEASING = YES;
				CLANG_WARN_BOOL_CONVERSION = YES;
				CLANG_WARN_COMMA = YES;
				CLANG_WARN_CONSTANT_CONVERSION = YES;
				CLANG_WARN_DEPRECATED_OBJC_IMPLEMENTATIONS = YES;
				CLANG_WARN_DIRECT_OBJC_ISA_USAGE = YES_ERROR;
				CLANG_WARN_DOCUMENTATION_COMMENTS = YES;
				CLANG_WARN_EMPTY_BODY = YES;
				CLANG_WARN_ENUM_CONVERSION = YES;
				CLANG_WARN_INFINITE_RECURSION = YES;
				CLANG_WARN_INT_CONVERSION = YES;
				CLANG_WARN_NON_LITERAL_NULL_CONVERSION = YES;
				CLANG_WARN_OBJC_IMPLICIT_RETAIN_SELF = YES;
				CLANG_WARN_OBJC_LITERAL_CONVERSION = YES;
				CLANG_WARN_OBJC_ROOT_CLASS = YES_ERROR;
				CLANG_WARN_QUOTED_INCLUDE_IN_FRAMEWORK_HEADER = YES;
				CLANG_WARN_RANGE_LOOP_ANALYSIS = YES;
				CLANG_WARN_STRICT_PROTOTYPES = YES;
				CLANG_WARN_SUSPICIOUS_MOVE = YES;
				CLANG_WARN_UNGUARDED_AVAILABILITY = YES_AGGRESSIVE;
				CLANG_WARN_UNREACHABLE_CODE = YES;
				CLANG_WARN__DUPLICATE_METHOD_MATCH = YES;
				COPY_PHASE_STRIP = NO;
				DEBUG_INFORMATION_FORMAT = "dwarf-with-dsym";
				ENABLE_NS_ASSERTIONS = NO;
				ENABLE_STRICT_OBJC_MSGSEND = YES;
				ENABLE_USER_SCRIPT_SANDBOXING = YES;
				GCC_C_LANGUAGE_STANDARD = gnu17;
				GCC_NO_COMMON_BLOCKS = YES;
				GCC_WARN_64_TO_32_BIT_CONVERSION = YES;
				GCC_WARN_ABOUT_RETURN_TYPE = YES_ERROR;
				GCC_WARN_UNDECLARED_SELECTOR = YES;
				GCC_WARN_UNINITIALIZED_AUTOS = YES_AGGRESSIVE;
				GCC_WARN_UNUSED_FUNCTION = YES;
				GCC_WARN_UNUSED_VARIABLE = YES;
				IPHONEOS_DEPLOYMENT_TARGET = 17.5;
				LOCALIZATION_PREFERS_STRING_CATALOGS = YES;
				MTL_ENABLE_DEBUG_INFO = NO;
				MTL_FAST_MATH = YES;
				SDKROOT = iphoneos;
				SWIFT_COMPILATION_MODE = wholemodule;
				VALIDATE_PRODUCT = YES;
			};
			name = Release;
		};
		C25644A72C18E1660099B916 /* Debug */ = {
			isa = XCBuildConfiguration;
			buildSettings = {
				ASSETCATALOG_COMPILER_APPICON_NAME = AppIcon;
				ASSETCATALOG_COMPILER_GLOBAL_ACCENT_COLOR_NAME = AccentColor;
				CODE_SIGN_STYLE = Automatic;
				CURRENT_PROJECT_VERSION = 1;
				DEVELOPMENT_ASSET_PATHS = "\"FurnitureApp/Preview Content\"";
				DEVELOPMENT_TEAM = Z28MDHV9K2;
				ENABLE_PREVIEWS = YES;
				GENERATE_INFOPLIST_FILE = YES;
				INFOPLIST_FILE = FurnitureApp/Info.plist;
				INFOPLIST_KEY_UIApplicationSceneManifest_Generation = YES;
				INFOPLIST_KEY_UIApplicationSupportsIndirectInputEvents = YES;
				INFOPLIST_KEY_UILaunchScreen_Generation = YES;
				INFOPLIST_KEY_UISupportedInterfaceOrientations_iPad = "UIInterfaceOrientationPortrait UIInterfaceOrientationPortraitUpsideDown UIInterfaceOrientationLandscapeLeft UIInterfaceOrientationLandscapeRight";
				INFOPLIST_KEY_UISupportedInterfaceOrientations_iPhone = "UIInterfaceOrientationPortrait UIInterfaceOrientationLandscapeLeft UIInterfaceOrientationLandscapeRight";
				LD_RUNPATH_SEARCH_PATHS = (
					"$(inherited)",
					"@executable_path/Frameworks",
				);
				MARKETING_VERSION = 1.0;
				PRODUCT_BUNDLE_IDENTIFIER = com.tutorial.youtube.FurnitureApp;
				PRODUCT_NAME = "$(TARGET_NAME)";
				SWIFT_EMIT_LOC_STRINGS = YES;
				SWIFT_VERSION = 5.0;
				TARGETED_DEVICE_FAMILY = "1,2";
			};
			name = Debug;
		};
		C25644A82C18E1660099B916 /* Release */ = {
			isa = XCBuildConfiguration;
			buildSettings = {
				ASSETCATALOG_COMPILER_APPICON_NAME = AppIcon;
				ASSETCATALOG_COMPILER_GLOBAL_ACCENT_COLOR_NAME = AccentColor;
				CODE_SIGN_STYLE = Automatic;
				CURRENT_PROJECT_VERSION = 1;
				DEVELOPMENT_ASSET_PATHS = "\"FurnitureApp/Preview Content\"";
				DEVELOPMENT_TEAM = Z28MDHV9K2;
				ENABLE_PREVIEWS = YES;
				GENERATE_INFOPLIST_FILE = YES;
				INFOPLIST_FILE = FurnitureApp/Info.plist;
				INFOPLIST_KEY_UIApplicationSceneManifest_Generation = YES;
				INFOPLIST_KEY_UIApplicationSupportsIndirectInputEvents = YES;
				INFOPLIST_KEY_UILaunchScreen_Generation = YES;
				INFOPLIST_KEY_UISupportedInterfaceOrientations_iPad = "UIInterfaceOrientationPortrait UIInterfaceOrientationPortraitUpsideDown UIInterfaceOrientationLandscapeLeft UIInterfaceOrientationLandscapeRight";
				INFOPLIST_KEY_UISupportedInterfaceOrientations_iPhone = "UIInterfaceOrientationPortrait UIInterfaceOrientationLandscapeLeft UIInterfaceOrientationLandscapeRight";
				LD_RUNPATH_SEARCH_PATHS = (
					"$(inherited)",
					"@executable_path/Frameworks",
				);
				MARKETING_VERSION = 1.0;
				PRODUCT_BUNDLE_IDENTIFIER = com.tutorial.youtube.FurnitureApp;
				PRODUCT_NAME = "$(TARGET_NAME)";
				SWIFT_EMIT_LOC_STRINGS = YES;
				SWIFT_VERSION = 5.0;
				TARGETED_DEVICE_FAMILY = "1,2";
			};
			name = Release;
		};
/* End XCBuildConfiguration section */

/* Begin XCConfigurationList section */
		C25644932C18E1650099B916 /* Build configuration list for PBXProject "FurnitureApp" */ = {
			isa = XCConfigurationList;
			buildConfigurations = (
				C25644A42C18E1660099B916 /* Debug */,
				C25644A52C18E1660099B916 /* Release */,
			);
			defaultConfigurationIsVisible = 0;
			defaultConfigurationName = Release;
		};
		C25644A62C18E1660099B916 /* Build configuration list for PBXNativeTarget "FurnitureApp" */ = {
			isa = XCConfigurationList;
			buildConfigurations = (
				C25644A72C18E1660099B916 /* Debug */,
				C25644A82C18E1660099B916 /* Release */,
			);
			defaultConfigurationIsVisible = 0;
			defaultConfigurationName = Release;
		};
/* End XCConfigurationList section */
	};
	rootObject = C25644902C18E1650099B916 /* Project object */;
}
